// !$*UTF8*$!
{
	archiveVersion = 1;
	classes = {
	};
	objectVersion = 50;
	objects = {

/* Begin PBXBuildFile section */
		0440967224D82CE7006CBFBD /* ButtonController.swift in Sources */ = {isa = PBXBuildFile; fileRef = 0440967124D82CE7006CBFBD /* ButtonController.swift */; };
		0449725A24EA72E900720E67 /* SFUIDisplay-Medium.ttf in Resources */ = {isa = PBXBuildFile; fileRef = 0449725824EA72E900720E67 /* SFUIDisplay-Medium.ttf */; };
		0449725B24EA72E900720E67 /* SFUIDisplay-Semibold.ttf in Resources */ = {isa = PBXBuildFile; fileRef = 0449725924EA72E900720E67 /* SFUIDisplay-Semibold.ttf */; };
		0449726124EA84D500720E67 /* AstaticController.swift in Sources */ = {isa = PBXBuildFile; fileRef = 0449726024EA84D500720E67 /* AstaticController.swift */; };
		0449726324EA8F8700720E67 /* DetailController.swift in Sources */ = {isa = PBXBuildFile; fileRef = 0449726224EA8F8700720E67 /* DetailController.swift */; };
		04559C7724D7FF9000BBF9C0 /* AppDelegate.swift in Sources */ = {isa = PBXBuildFile; fileRef = 04559C7624D7FF9000BBF9C0 /* AppDelegate.swift */; };
		04559C7924D7FF9000BBF9C0 /* SceneDelegate.swift in Sources */ = {isa = PBXBuildFile; fileRef = 04559C7824D7FF9000BBF9C0 /* SceneDelegate.swift */; };
		04559C7B24D7FF9000BBF9C0 /* ViewController.swift in Sources */ = {isa = PBXBuildFile; fileRef = 04559C7A24D7FF9000BBF9C0 /* ViewController.swift */; };
		04559C7E24D7FF9000BBF9C0 /* Main.storyboard in Resources */ = {isa = PBXBuildFile; fileRef = 04559C7C24D7FF9000BBF9C0 /* Main.storyboard */; };
		04559C8024D7FF9100BBF9C0 /* Assets.xcassets in Resources */ = {isa = PBXBuildFile; fileRef = 04559C7F24D7FF9100BBF9C0 /* Assets.xcassets */; };
		0469867324E6DFFB008CD141 /* invalidName.jpg in Resources */ = {isa = PBXBuildFile; fileRef = 0469867224E6DFFB008CD141 /* invalidName.jpg */; };
		04D694A424DA9EAD0045B9BB /* Launch Screen.storyboard in Resources */ = {isa = PBXBuildFile; fileRef = 04D694A324DA9EAD0045B9BB /* Launch Screen.storyboard */; };
		04D694A824DAFA290045B9BB /* jpg2.jpg in Resources */ = {isa = PBXBuildFile; fileRef = 04D694A724DAFA280045B9BB /* jpg2.jpg */; };
		04EE798424DD3490008894B4 /* png1.png in Resources */ = {isa = PBXBuildFile; fileRef = 04EE798324DD3490008894B4 /* png1.png */; };
		04F0F56024E3DF6800ECF761 /* TalkController.swift in Sources */ = {isa = PBXBuildFile; fileRef = 04F0F55F24E3DF6800ECF761 /* TalkController.swift */; };
		04F0F56224E3DF9200ECF761 /* LocationController.swift in Sources */ = {isa = PBXBuildFile; fileRef = 04F0F56124E3DF9200ECF761 /* LocationController.swift */; };
		04F0F56424E3DFE700ECF761 /* SaleController.swift in Sources */ = {isa = PBXBuildFile; fileRef = 04F0F56324E3DFE700ECF761 /* SaleController.swift */; };
		04F0F56624E3E03B00ECF761 /* BoardController.swift in Sources */ = {isa = PBXBuildFile; fileRef = 04F0F56524E3E03B00ECF761 /* BoardController.swift */; };
/* End PBXBuildFile section */

/* Begin PBXFileReference section */
		0440967124D82CE7006CBFBD /* ButtonController.swift */ = {isa = PBXFileReference; lastKnownFileType = sourcecode.swift; path = ButtonController.swift; sourceTree = "<group>"; };
		0449725824EA72E900720E67 /* SFUIDisplay-Medium.ttf */ = {isa = PBXFileReference; lastKnownFileType = file; name = "SFUIDisplay-Medium.ttf"; path = "../../../Downloads/iphone font/SFUIDisplay-Medium.ttf"; sourceTree = "<group>"; };
		0449725924EA72E900720E67 /* SFUIDisplay-Semibold.ttf */ = {isa = PBXFileReference; lastKnownFileType = file; name = "SFUIDisplay-Semibold.ttf"; path = "../../../Downloads/iphone font/SFUIDisplay-Semibold.ttf"; sourceTree = "<group>"; };
		0449726024EA84D500720E67 /* AstaticController.swift */ = {isa = PBXFileReference; lastKnownFileType = sourcecode.swift; path = AstaticController.swift; sourceTree = "<group>"; };
		0449726224EA8F8700720E67 /* DetailController.swift */ = {isa = PBXFileReference; lastKnownFileType = sourcecode.swift; path = DetailController.swift; sourceTree = "<group>"; };
		04559C7324D7FF9000BBF9C0 /* Helloworld.app */ = {isa = PBXFileReference; explicitFileType = wrapper.application; includeInIndex = 0; path = Helloworld.app; sourceTree = BUILT_PRODUCTS_DIR; };
		04559C7624D7FF9000BBF9C0 /* AppDelegate.swift */ = {isa = PBXFileReference; lastKnownFileType = sourcecode.swift; path = AppDelegate.swift; sourceTree = "<group>"; };
		04559C7824D7FF9000BBF9C0 /* SceneDelegate.swift */ = {isa = PBXFileReference; lastKnownFileType = sourcecode.swift; path = SceneDelegate.swift; sourceTree = "<group>"; };
		04559C7A24D7FF9000BBF9C0 /* ViewController.swift */ = {isa = PBXFileReference; lastKnownFileType = sourcecode.swift; path = ViewController.swift; sourceTree = "<group>"; };
		04559C7D24D7FF9000BBF9C0 /* Base */ = {isa = PBXFileReference; lastKnownFileType = file.storyboard; name = Base; path = Base.lproj/Main.storyboard; sourceTree = "<group>"; };
		04559C7F24D7FF9100BBF9C0 /* Assets.xcassets */ = {isa = PBXFileReference; lastKnownFileType = folder.assetcatalog; path = Assets.xcassets; sourceTree = "<group>"; };
		04559C8424D7FF9100BBF9C0 /* Info.plist */ = {isa = PBXFileReference; lastKnownFileType = text.plist.xml; path = Info.plist; sourceTree = "<group>"; };
		0469867224E6DFFB008CD141 /* invalidName.jpg */ = {isa = PBXFileReference; lastKnownFileType = image.jpeg; name = invalidName.jpg; path = ../../../Downloads/icon/invalidName.jpg; sourceTree = "<group>"; };
		04D694A324DA9EAD0045B9BB /* Launch Screen.storyboard */ = {isa = PBXFileReference; lastKnownFileType = file.storyboard; path = "Launch Screen.storyboard"; sourceTree = "<group>"; };
		04D694A724DAFA280045B9BB /* jpg2.jpg */ = {isa = PBXFileReference; lastKnownFileType = image.jpeg; name = jpg2.jpg; path = ../../../Downloads/Logo/jpg2.jpg; sourceTree = "<group>"; };
		04EE798324DD3490008894B4 /* png1.png */ = {isa = PBXFileReference; lastKnownFileType = image.png; name = png1.png; path = ../../../Downloads/png1.png; sourceTree = "<group>"; };
		04F0F55F24E3DF6800ECF761 /* TalkController.swift */ = {isa = PBXFileReference; lastKnownFileType = sourcecode.swift; path = TalkController.swift; sourceTree = "<group>"; };
		04F0F56124E3DF9200ECF761 /* LocationController.swift */ = {isa = PBXFileReference; lastKnownFileType = sourcecode.swift; path = LocationController.swift; sourceTree = "<group>"; };
		04F0F56324E3DFE700ECF761 /* SaleController.swift */ = {isa = PBXFileReference; lastKnownFileType = sourcecode.swift; path = SaleController.swift; sourceTree = "<group>"; };
		04F0F56524E3E03B00ECF761 /* BoardController.swift */ = {isa = PBXFileReference; lastKnownFileType = sourcecode.swift; path = BoardController.swift; sourceTree = "<group>"; };
/* End PBXFileReference section */

/* Begin PBXFrameworksBuildPhase section */
		04559C7024D7FF9000BBF9C0 /* Frameworks */ = {
			isa = PBXFrameworksBuildPhase;
			buildActionMask = 2147483647;
			files = (
			);
			runOnlyForDeploymentPostprocessing = 0;
		};
/* End PBXFrameworksBuildPhase section */

/* Begin PBXGroup section */
		04559C6A24D7FF9000BBF9C0 = {
			isa = PBXGroup;
			children = (
				04559C7524D7FF9000BBF9C0 /* Helloworld */,
				04559C7424D7FF9000BBF9C0 /* Products */,
			);
			sourceTree = "<group>";
		};
		04559C7424D7FF9000BBF9C0 /* Products */ = {
			isa = PBXGroup;
			children = (
				04559C7324D7FF9000BBF9C0 /* Helloworld.app */,
			);
			name = Products;
			sourceTree = "<group>";
		};
		04559C7524D7FF9000BBF9C0 /* Helloworld */ = {
			isa = PBXGroup;
			children = (
				0440967124D82CE7006CBFBD /* ButtonController.swift */,
				04559C7624D7FF9000BBF9C0 /* AppDelegate.swift */,
				04559C7824D7FF9000BBF9C0 /* SceneDelegate.swift */,
				04559C7A24D7FF9000BBF9C0 /* ViewController.swift */,
				04F0F55F24E3DF6800ECF761 /* TalkController.swift */,
				04F0F56524E3E03B00ECF761 /* BoardController.swift */,
				04F0F56124E3DF9200ECF761 /* LocationController.swift */,
				0449726224EA8F8700720E67 /* DetailController.swift */,
				04F0F56324E3DFE700ECF761 /* SaleController.swift */,
				0449726024EA84D500720E67 /* AstaticController.swift */,
				04559C7C24D7FF9000BBF9C0 /* Main.storyboard */,
				04559C7F24D7FF9100BBF9C0 /* Assets.xcassets */,
				04D694A324DA9EAD0045B9BB /* Launch Screen.storyboard */,
				0449725824EA72E900720E67 /* SFUIDisplay-Medium.ttf */,
				0449725924EA72E900720E67 /* SFUIDisplay-Semibold.ttf */,
				04D694A724DAFA280045B9BB /* jpg2.jpg */,
				04EE798324DD3490008894B4 /* png1.png */,
				0469867224E6DFFB008CD141 /* invalidName.jpg */,
				04559C8424D7FF9100BBF9C0 /* Info.plist */,
			);
			path = Helloworld;
			sourceTree = "<group>";
		};
/* End PBXGroup section */

/* Begin PBXNativeTarget section */
		04559C7224D7FF9000BBF9C0 /* Helloworld */ = {
			isa = PBXNativeTarget;
			buildConfigurationList = 04559C8724D7FF9100BBF9C0 /* Build configuration list for PBXNativeTarget "Helloworld" */;
			buildPhases = (
				04559C6F24D7FF9000BBF9C0 /* Sources */,
				04559C7024D7FF9000BBF9C0 /* Frameworks */,
				04559C7124D7FF9000BBF9C0 /* Resources */,
			);
			buildRules = (
			);
			dependencies = (
			);
			name = Helloworld;
			productName = Helloworld;
			productReference = 04559C7324D7FF9000BBF9C0 /* Helloworld.app */;
			productType = "com.apple.product-type.application";
		};
/* End PBXNativeTarget section */

/* Begin PBXProject section */
		04559C6B24D7FF9000BBF9C0 /* Project object */ = {
			isa = PBXProject;
			attributes = {
				LastSwiftUpdateCheck = 1160;
				LastUpgradeCheck = 1160;
				ORGANIZATIONNAME = mac;
				TargetAttributes = {
					04559C7224D7FF9000BBF9C0 = {
						CreatedOnToolsVersion = 11.6;
					};
				};
			};
			buildConfigurationList = 04559C6E24D7FF9000BBF9C0 /* Build configuration list for PBXProject "Helloworld" */;
			compatibilityVersion = "Xcode 9.3";
			developmentRegion = en;
			hasScannedForEncodings = 0;
			knownRegions = (
				en,
				Base,
			);
			mainGroup = 04559C6A24D7FF9000BBF9C0;
			productRefGroup = 04559C7424D7FF9000BBF9C0 /* Products */;
			projectDirPath = "";
			projectRoot = "";
			targets = (
				04559C7224D7FF9000BBF9C0 /* Helloworld */,
			);
		};
/* End PBXProject section */

/* Begin PBXResourcesBuildPhase section */
		04559C7124D7FF9000BBF9C0 /* Resources */ = {
			isa = PBXResourcesBuildPhase;
			buildActionMask = 2147483647;
			files = (
				0469867324E6DFFB008CD141 /* invalidName.jpg in Resources */,
				04D694A424DA9EAD0045B9BB /* Launch Screen.storyboard in Resources */,
				04D694A824DAFA290045B9BB /* jpg2.jpg in Resources */,
				04559C8024D7FF9100BBF9C0 /* Assets.xcassets in Resources */,
				04559C7E24D7FF9000BBF9C0 /* Main.storyboard in Resources */,
				0449725B24EA72E900720E67 /* SFUIDisplay-Semibold.ttf in Resources */,
				04EE798424DD3490008894B4 /* png1.png in Resources */,
				0449725A24EA72E900720E67 /* SFUIDisplay-Medium.ttf in Resources */,
			);
			runOnlyForDeploymentPostprocessing = 0;
		};
/* End PBXResourcesBuildPhase section */

/* Begin PBXSourcesBuildPhase section */
		04559C6F24D7FF9000BBF9C0 /* Sources */ = {
			isa = PBXSourcesBuildPhase;
			buildActionMask = 2147483647;
			files = (
				04F0F56224E3DF9200ECF761 /* LocationController.swift in Sources */,
				04559C7B24D7FF9000BBF9C0 /* ViewController.swift in Sources */,
				04F0F56024E3DF6800ECF761 /* TalkController.swift in Sources */,
				0440967224D82CE7006CBFBD /* ButtonController.swift in Sources */,
				04F0F56624E3E03B00ECF761 /* BoardController.swift in Sources */,
				04559C7724D7FF9000BBF9C0 /* AppDelegate.swift in Sources */,
				04559C7924D7FF9000BBF9C0 /* SceneDelegate.swift in Sources */,
				04F0F56424E3DFE700ECF761 /* SaleController.swift in Sources */,
				0449726324EA8F8700720E67 /* DetailController.swift in Sources */,
				0449726124EA84D500720E67 /* AstaticController.swift in Sources */,
			);
			runOnlyForDeploymentPostprocessing = 0;
		};
/* End PBXSourcesBuildPhase section */

/* Begin PBXVariantGroup section */
		04559C7C24D7FF9000BBF9C0 /* Main.storyboard */ = {
			isa = PBXVariantGroup;
			children = (
				04559C7D24D7FF9000BBF9C0 /* Base */,
			);
			name = Main.storyboard;
			sourceTree = "<group>";
		};
/* End PBXVariantGroup section */

/* Begin XCBuildConfiguration section */
		04559C8524D7FF9100BBF9C0 /* Debug */ = {
			isa = XCBuildConfiguration;
			buildSettings = {
				ALWAYS_SEARCH_USER_PATHS = NO;
				CLANG_ANALYZER_NONNULL = YES;
				CLANG_ANALYZER_NUMBER_OBJECT_CONVERSION = YES_AGGRESSIVE;
				CLANG_CXX_LANGUAGE_STANDARD = "gnu++14";
				CLANG_CXX_LIBRARY = "libc++";
				CLANG_ENABLE_MODULES = YES;
				CLANG_ENABLE_OBJC_ARC = YES;
				CLANG_ENABLE_OBJC_WEAK = YES;
				CLANG_WARN_BLOCK_CAPTURE_AUTORELEASING = YES;
				CLANG_WARN_BOOL_CONVERSION = YES;
				CLANG_WARN_COMMA = YES;
				CLANG_WARN_CONSTANT_CONVERSION = YES;
				CLANG_WARN_DEPRECATED_OBJC_IMPLEMENTATIONS = YES;
				CLANG_WARN_DIRECT_OBJC_ISA_USAGE = YES_ERROR;
				CLANG_WARN_DOCUMENTATION_COMMENTS = YES;
				CLANG_WARN_EMPTY_BODY = YES;
				CLANG_WARN_ENUM_CONVERSION = YES;
				CLANG_WARN_INFINITE_RECURSION = YES;
				CLANG_WARN_INT_CONVERSION = YES;
				CLANG_WARN_NON_LITERAL_NULL_CONVERSION = YES;
				CLANG_WARN_OBJC_IMPLICIT_RETAIN_SELF = YES;
				CLANG_WARN_OBJC_LITERAL_CONVERSION = YES;
				CLANG_WARN_OBJC_ROOT_CLASS = YES_ERROR;
				CLANG_WARN_RANGE_LOOP_ANALYSIS = YES;
				CLANG_WARN_STRICT_PROTOTYPES = YES;
				CLANG_WARN_SUSPICIOUS_MOVE = YES;
				CLANG_WARN_UNGUARDED_AVAILABILITY = YES_AGGRESSIVE;
				CLANG_WARN_UNREACHABLE_CODE = YES;
				CLANG_WARN__DUPLICATE_METHOD_MATCH = YES;
				COPY_PHASE_STRIP = NO;
				DEBUG_INFORMATION_FORMAT = dwarf;
				ENABLE_STRICT_OBJC_MSGSEND = YES;
				ENABLE_TESTABILITY = YES;
				GCC_C_LANGUAGE_STANDARD = gnu11;
				GCC_DYNAMIC_NO_PIC = NO;
				GCC_NO_COMMON_BLOCKS = YES;
				GCC_OPTIMIZATION_LEVEL = 0;
				GCC_PREPROCESSOR_DEFINITIONS = (
					"DEBUG=1",
					"$(inherited)",
				);
				GCC_WARN_64_TO_32_BIT_CONVERSION = YES;
				GCC_WARN_ABOUT_RETURN_TYPE = YES_ERROR;
				GCC_WARN_UNDECLARED_SELECTOR = YES;
				GCC_WARN_UNINITIALIZED_AUTOS = YES_AGGRESSIVE;
				GCC_WARN_UNUSED_FUNCTION = YES;
				GCC_WARN_UNUSED_VARIABLE = YES;
				IPHONEOS_DEPLOYMENT_TARGET = 13.6;
				MTL_ENABLE_DEBUG_INFO = INCLUDE_SOURCE;
				MTL_FAST_MATH = YES;
				ONLY_ACTIVE_ARCH = YES;
				SDKROOT = iphoneos;
				SWIFT_ACTIVE_COMPILATION_CONDITIONS = DEBUG;
				SWIFT_OPTIMIZATION_LEVEL = "-Onone";
			};
			name = Debug;
		};
		04559C8624D7FF9100BBF9C0 /* Release */ = {
			isa = XCBuildConfiguration;
			buildSettings = {
				ALWAYS_SEARCH_USER_PATHS = NO;
				CLANG_ANALYZER_NONNULL = YES;
				CLANG_ANALYZER_NUMBER_OBJECT_CONVERSION = YES_AGGRESSIVE;
				CLANG_CXX_LANGUAGE_STANDARD = "gnu++14";
				CLANG_CXX_LIBRARY = "libc++";
				CLANG_ENABLE_MODULES = YES;
				CLANG_ENABLE_OBJC_ARC = YES;
				CLANG_ENABLE_OBJC_WEAK = YES;
				CLANG_WARN_BLOCK_CAPTURE_AUTORELEASING = YES;
				CLANG_WARN_BOOL_CONVERSION = YES;
				CLANG_WARN_COMMA = YES;
				CLANG_WARN_CONSTANT_CONVERSION = YES;
				CLANG_WARN_DEPRECATED_OBJC_IMPLEMENTATIONS = YES;
				CLANG_WARN_DIRECT_OBJC_ISA_USAGE = YES_ERROR;
				CLANG_WARN_DOCUMENTATION_COMMENTS = YES;
				CLANG_WARN_EMPTY_BODY = YES;
				CLANG_WARN_ENUM_CONVERSION = YES;
				CLANG_WARN_INFINITE_RECURSION = YES;
				CLANG_WARN_INT_CONVERSION = YES;
				CLANG_WARN_NON_LITERAL_NULL_CONVERSION = YES;
				CLANG_WARN_OBJC_IMPLICIT_RETAIN_SELF = YES;
				CLANG_WARN_OBJC_LITERAL_CONVERSION = YES;
				CLANG_WARN_OBJC_ROOT_CLASS = YES_ERROR;
				CLANG_WARN_RANGE_LOOP_ANALYSIS = YES;
				CLANG_WARN_STRICT_PROTOTYPES = YES;
				CLANG_WARN_SUSPICIOUS_MOVE = YES;
				CLANG_WARN_UNGUARDED_AVAILABILITY = YES_AGGRESSIVE;
				CLANG_WARN_UNREACHABLE_CODE = YES;
				CLANG_WARN__DUPLICATE_METHOD_MATCH = YES;
				COPY_PHASE_STRIP = NO;
				DEBUG_INFORMATION_FORMAT = "dwarf-with-dsym";
				ENABLE_NS_ASSERTIONS = NO;
				ENABLE_STRICT_OBJC_MSGSEND = YES;
				GCC_C_LANGUAGE_STANDARD = gnu11;
				GCC_NO_COMMON_BLOCKS = YES;
				GCC_WARN_64_TO_32_BIT_CONVERSION = YES;
				GCC_WARN_ABOUT_RETURN_TYPE = YES_ERROR;
				GCC_WARN_UNDECLARED_SELECTOR = YES;
				GCC_WARN_UNINITIALIZED_AUTOS = YES_AGGRESSIVE;
				GCC_WARN_UNUSED_FUNCTION = YES;
				GCC_WARN_UNUSED_VARIABLE = YES;
				IPHONEOS_DEPLOYMENT_TARGET = 13.6;
				MTL_ENABLE_DEBUG_INFO = NO;
				MTL_FAST_MATH = YES;
				SDKROOT = iphoneos;
				SWIFT_COMPILATION_MODE = wholemodule;
				SWIFT_OPTIMIZATION_LEVEL = "-O";
				VALIDATE_PRODUCT = YES;
			};
			name = Release;
		};
		04559C8824D7FF9100BBF9C0 /* Debug */ = {
			isa = XCBuildConfiguration;
			buildSettings = {
				ASSETCATALOG_COMPILER_APPICON_NAME = AppIcon;
				CODE_SIGN_STYLE = Automatic;
				INFOPLIST_FILE = Helloworld/Info.plist;
				LD_RUNPATH_SEARCH_PATHS = (
					"$(inherited)",
					"@executable_path/Frameworks",
				);
				PRODUCT_BUNDLE_IDENTIFIER = net.macnpc.Helloworld;
				PRODUCT_NAME = "$(TARGET_NAME)";
				SWIFT_VERSION = 5.0;
				TARGETED_DEVICE_FAMILY = "1,2";
			};
			name = Debug;
		};
		04559C8924D7FF9100BBF9C0 /* Release */ = {
			isa = XCBuildConfiguration;
			buildSettings = {
				ASSETCATALOG_COMPILER_APPICON_NAME = AppIcon;
				CODE_SIGN_STYLE = Automatic;
				INFOPLIST_FILE = Helloworld/Info.plist;
				LD_RUNPATH_SEARCH_PATHS = (
					"$(inherited)",
					"@executable_path/Frameworks",
				);
				PRODUCT_BUNDLE_IDENTIFIER = net.macnpc.Helloworld;
				PRODUCT_NAME = "$(TARGET_NAME)";
				SWIFT_VERSION = 5.0;
				TARGETED_DEVICE_FAMILY = "1,2";
			};
			name = Release;
		};
/* End XCBuildConfiguration section */

/* Begin XCConfigurationList section */
		04559C6E24D7FF9000BBF9C0 /* Build configuration list for PBXProject "Helloworld" */ = {
			isa = XCConfigurationList;
			buildConfigurations = (
				04559C8524D7FF9100BBF9C0 /* Debug */,
				04559C8624D7FF9100BBF9C0 /* Release */,
			);
			defaultConfigurationIsVisible = 0;
			defaultConfigurationName = Release;
		};
		04559C8724D7FF9100BBF9C0 /* Build configuration list for PBXNativeTarget "Helloworld" */ = {
			isa = XCConfigurationList;
			buildConfigurations = (
				04559C8824D7FF9100BBF9C0 /* Debug */,
				04559C8924D7FF9100BBF9C0 /* Release */,
			);
			defaultConfigurationIsVisible = 0;
			defaultConfigurationName = Release;
		};
/* End XCConfigurationList section */
	};
	rootObject = 04559C6B24D7FF9000BBF9C0 /* Project object */;
}
